// !$*UTF8*$!
{
	archiveVersion = 1;
	classes = {
	};
	objectVersion = 48;
	objects = {

/* Begin PBXBuildFile section */
		9B7FBD571FC30E18005217F1 /* NamesStruct.swift in Sources */ = {isa = PBXBuildFile; fileRef = 9B7FBD561FC30E18005217F1 /* NamesStruct.swift */; };
		9BFA58E21FC00F92000B2484 /* AppDelegate.swift in Sources */ = {isa = PBXBuildFile; fileRef = 9BFA58E11FC00F92000B2484 /* AppDelegate.swift */; };
		9BFA58E41FC00F92000B2484 /* ViewController.swift in Sources */ = {isa = PBXBuildFile; fileRef = 9BFA58E31FC00F92000B2484 /* ViewController.swift */; };
		9BFA58E71FC00F92000B2484 /* Main.storyboard in Resources */ = {isa = PBXBuildFile; fileRef = 9BFA58E51FC00F92000B2484 /* Main.storyboard */; };
		9BFA58EA1FC00F92000B2484 /* New_Swift_Project.xcdatamodeld in Sources */ = {isa = PBXBuildFile; fileRef = 9BFA58E81FC00F92000B2484 /* New_Swift_Project.xcdatamodeld */; };
		9BFA58EC1FC00F92000B2484 /* Assets.xcassets in Resources */ = {isa = PBXBuildFile; fileRef = 9BFA58EB1FC00F92000B2484 /* Assets.xcassets */; };
		9BFA58EF1FC00F92000B2484 /* LaunchScreen.storyboard in Resources */ = {isa = PBXBuildFile; fileRef = 9BFA58ED1FC00F92000B2484 /* LaunchScreen.storyboard */; };
		9BFA58FA1FC00F92000B2484 /* New_Swift_ProjectTests.swift in Sources */ = {isa = PBXBuildFile; fileRef = 9BFA58F91FC00F92000B2484 /* New_Swift_ProjectTests.swift */; };
		9BFA59051FC00F93000B2484 /* New_Swift_ProjectUITests.swift in Sources */ = {isa = PBXBuildFile; fileRef = 9BFA59041FC00F93000B2484 /* New_Swift_ProjectUITests.swift */; };
/* End PBXBuildFile section */

/* Begin PBXContainerItemProxy section */
		9BFA58F61FC00F92000B2484 /* PBXContainerItemProxy */ = {
			isa = PBXContainerItemProxy;
			containerPortal = 9BFA58D61FC00F91000B2484 /* Project object */;
			proxyType = 1;
			remoteGlobalIDString = 9BFA58DD1FC00F92000B2484;
			remoteInfo = "New Swift Project";
		};
		9BFA59011FC00F93000B2484 /* PBXContainerItemProxy */ = {
			isa = PBXContainerItemProxy;
			containerPortal = 9BFA58D61FC00F91000B2484 /* Project object */;
			proxyType = 1;
			remoteGlobalIDString = 9BFA58DD1FC00F92000B2484;
			remoteInfo = "New Swift Project";
		};
/* End PBXContainerItemProxy section */

/* Begin PBXFileReference section */
		9B7FBD561FC30E18005217F1 /* NamesStruct.swift */ = {isa = PBXFileReference; lastKnownFileType = sourcecode.swift; path = NamesStruct.swift; sourceTree = "<group>"; };
		9BFA58DE1FC00F92000B2484 /* New Swift Project.app */ = {isa = PBXFileReference; explicitFileType = wrapper.application; includeInIndex = 0; path = "New Swift Project.app"; sourceTree = BUILT_PRODUCTS_DIR; };
		9BFA58E11FC00F92000B2484 /* AppDelegate.swift */ = {isa = PBXFileReference; lastKnownFileType = sourcecode.swift; path = AppDelegate.swift; sourceTree = "<group>"; };
		9BFA58E31FC00F92000B2484 /* ViewController.swift */ = {isa = PBXFileReference; lastKnownFileType = sourcecode.swift; path = ViewController.swift; sourceTree = "<group>"; };
		9BFA58E61FC00F92000B2484 /* Base */ = {isa = PBXFileReference; lastKnownFileType = file.storyboard; name = Base; path = Base.lproj/Main.storyboard; sourceTree = "<group>"; };
		9BFA58E91FC00F92000B2484 /* New_Swift_Project.xcdatamodel */ = {isa = PBXFileReference; lastKnownFileType = wrapper.xcdatamodel; path = New_Swift_Project.xcdatamodel; sourceTree = "<group>"; };
		9BFA58EB1FC00F92000B2484 /* Assets.xcassets */ = {isa = PBXFileReference; lastKnownFileType = folder.assetcatalog; path = Assets.xcassets; sourceTree = "<group>"; };
		9BFA58EE1FC00F92000B2484 /* Base */ = {isa = PBXFileReference; lastKnownFileType = file.storyboard; name = Base; path = Base.lproj/LaunchScreen.storyboard; sourceTree = "<group>"; };
		9BFA58F01FC00F92000B2484 /* Info.plist */ = {isa = PBXFileReference; lastKnownFileType = text.plist.xml; path = Info.plist; sourceTree = "<group>"; };
		9BFA58F51FC00F92000B2484 /* New Swift ProjectTests.xctest */ = {isa = PBXFileReference; explicitFileType = wrapper.cfbundle; includeInIndex = 0; path = "New Swift ProjectTests.xctest"; sourceTree = BUILT_PRODUCTS_DIR; };
		9BFA58F91FC00F92000B2484 /* New_Swift_ProjectTests.swift */ = {isa = PBXFileReference; lastKnownFileType = sourcecode.swift; path = New_Swift_ProjectTests.swift; sourceTree = "<group>"; };
		9BFA58FB1FC00F93000B2484 /* Info.plist */ = {isa = PBXFileReference; lastKnownFileType = text.plist.xml; path = Info.plist; sourceTree = "<group>"; };
		9BFA59001FC00F93000B2484 /* New Swift ProjectUITests.xctest */ = {isa = PBXFileReference; explicitFileType = wrapper.cfbundle; includeInIndex = 0; path = "New Swift ProjectUITests.xctest"; sourceTree = BUILT_PRODUCTS_DIR; };
		9BFA59041FC00F93000B2484 /* New_Swift_ProjectUITests.swift */ = {isa = PBXFileReference; lastKnownFileType = sourcecode.swift; path = New_Swift_ProjectUITests.swift; sourceTree = "<group>"; };
		9BFA59061FC00F93000B2484 /* Info.plist */ = {isa = PBXFileReference; lastKnownFileType = text.plist.xml; path = Info.plist; sourceTree = "<group>"; };
/* End PBXFileReference section */

/* Begin PBXFrameworksBuildPhase section */
		9BFA58DB1FC00F92000B2484 /* Frameworks */ = {
			isa = PBXFrameworksBuildPhase;
			buildActionMask = 2147483647;
			files = (
			);
			runOnlyForDeploymentPostprocessing = 0;
		};
		9BFA58F21FC00F92000B2484 /* Frameworks */ = {
			isa = PBXFrameworksBuildPhase;
			buildActionMask = 2147483647;
			files = (
			);
			runOnlyForDeploymentPostprocessing = 0;
		};
		9BFA58FD1FC00F93000B2484 /* Frameworks */ = {
			isa = PBXFrameworksBuildPhase;
			buildActionMask = 2147483647;
			files = (
			);
			runOnlyForDeploymentPostprocessing = 0;
		};
/* End PBXFrameworksBuildPhase section */

/* Begin PBXGroup section */
		9BFA58D51FC00F91000B2484 = {
			isa = PBXGroup;
			children = (
				9BFA58E01FC00F92000B2484 /* New Swift Project */,
				9BFA58F81FC00F92000B2484 /* New Swift ProjectTests */,
				9BFA59031FC00F93000B2484 /* New Swift ProjectUITests */,
				9BFA58DF1FC00F92000B2484 /* Products */,
			);
			sourceTree = "<group>";
		};
		9BFA58DF1FC00F92000B2484 /* Products */ = {
			isa = PBXGroup;
			children = (
				9BFA58DE1FC00F92000B2484 /* New Swift Project.app */,
				9BFA58F51FC00F92000B2484 /* New Swift ProjectTests.xctest */,
				9BFA59001FC00F93000B2484 /* New Swift ProjectUITests.xctest */,
			);
			name = Products;
			sourceTree = "<group>";
		};
		9BFA58E01FC00F92000B2484 /* New Swift Project */ = {
			isa = PBXGroup;
			children = (
				9BFA58E11FC00F92000B2484 /* AppDelegate.swift */,
				9BFA58E31FC00F92000B2484 /* ViewController.swift */,
				9BFA58E51FC00F92000B2484 /* Main.storyboard */,
				9BFA58EB1FC00F92000B2484 /* Assets.xcassets */,
				9BFA58ED1FC00F92000B2484 /* LaunchScreen.storyboard */,
				9BFA58F01FC00F92000B2484 /* Info.plist */,
				9BFA58E81FC00F92000B2484 /* New_Swift_Project.xcdatamodeld */,
				9B7FBD561FC30E18005217F1 /* NamesStruct.swift */,
			);
			path = "New Swift Project";
			sourceTree = "<group>";
		};
		9BFA58F81FC00F92000B2484 /* New Swift ProjectTests */ = {
			isa = PBXGroup;
			children = (
				9BFA58F91FC00F92000B2484 /* New_Swift_ProjectTests.swift */,
				9BFA58FB1FC00F93000B2484 /* Info.plist */,
			);
			path = "New Swift ProjectTests";
			sourceTree = "<group>";
		};
		9BFA59031FC00F93000B2484 /* New Swift ProjectUITests */ = {
			isa = PBXGroup;
			children = (
				9BFA59041FC00F93000B2484 /* New_Swift_ProjectUITests.swift */,
				9BFA59061FC00F93000B2484 /* Info.plist */,
			);
			path = "New Swift ProjectUITests";
			sourceTree = "<group>";
		};
/* End PBXGroup section */

/* Begin PBXNativeTarget section */
		9BFA58DD1FC00F92000B2484 /* New Swift Project */ = {
			isa = PBXNativeTarget;
			buildConfigurationList = 9BFA59091FC00F93000B2484 /* Build configuration list for PBXNativeTarget "New Swift Project" */;
			buildPhases = (
				9BFA58DA1FC00F92000B2484 /* Sources */,
				9BFA58DB1FC00F92000B2484 /* Frameworks */,
				9BFA58DC1FC00F92000B2484 /* Resources */,
			);
			buildRules = (
			);
			dependencies = (
			);
			name = "New Swift Project";
			productName = "New Swift Project";
			productReference = 9BFA58DE1FC00F92000B2484 /* New Swift Project.app */;
			productType = "com.apple.product-type.application";
		};
		9BFA58F41FC00F92000B2484 /* New Swift ProjectTests */ = {
			isa = PBXNativeTarget;
			buildConfigurationList = 9BFA590C1FC00F93000B2484 /* Build configuration list for PBXNativeTarget "New Swift ProjectTests" */;
			buildPhases = (
				9BFA58F11FC00F92000B2484 /* Sources */,
				9BFA58F21FC00F92000B2484 /* Frameworks */,
				9BFA58F31FC00F92000B2484 /* Resources */,
			);
			buildRules = (
			);
			dependencies = (
				9BFA58F71FC00F92000B2484 /* PBXTargetDependency */,
			);
			name = "New Swift ProjectTests";
			productName = "New Swift ProjectTests";
			productReference = 9BFA58F51FC00F92000B2484 /* New Swift ProjectTests.xctest */;
			productType = "com.apple.product-type.bundle.unit-test";
		};
		9BFA58FF1FC00F93000B2484 /* New Swift ProjectUITests */ = {
			isa = PBXNativeTarget;
			buildConfigurationList = 9BFA590F1FC00F93000B2484 /* Build configuration list for PBXNativeTarget "New Swift ProjectUITests" */;
			buildPhases = (
				9BFA58FC1FC00F93000B2484 /* Sources */,
				9BFA58FD1FC00F93000B2484 /* Frameworks */,
				9BFA58FE1FC00F93000B2484 /* Resources */,
			);
			buildRules = (
			);
			dependencies = (
				9BFA59021FC00F93000B2484 /* PBXTargetDependency */,
			);
			name = "New Swift ProjectUITests";
			productName = "New Swift ProjectUITests";
			productReference = 9BFA59001FC00F93000B2484 /* New Swift ProjectUITests.xctest */;
			productType = "com.apple.product-type.bundle.ui-testing";
		};
/* End PBXNativeTarget section */

/* Begin PBXProject section */
		9BFA58D61FC00F91000B2484 /* Project object */ = {
			isa = PBXProject;
			attributes = {
				LastSwiftUpdateCheck = 0910;
				LastUpgradeCheck = 0910;
				ORGANIZATIONNAME = "Raj Dhakate";
				TargetAttributes = {
					9BFA58DD1FC00F92000B2484 = {
						CreatedOnToolsVersion = 9.1;
						ProvisioningStyle = Manual;
					};
					9BFA58F41FC00F92000B2484 = {
						CreatedOnToolsVersion = 9.1;
						ProvisioningStyle = Automatic;
						TestTargetID = 9BFA58DD1FC00F92000B2484;
					};
					9BFA58FF1FC00F93000B2484 = {
						CreatedOnToolsVersion = 9.1;
						ProvisioningStyle = Automatic;
						TestTargetID = 9BFA58DD1FC00F92000B2484;
					};
				};
			};
			buildConfigurationList = 9BFA58D91FC00F91000B2484 /* Build configuration list for PBXProject "New Swift Project" */;
			compatibilityVersion = "Xcode 8.0";
			developmentRegion = en;
			hasScannedForEncodings = 0;
			knownRegions = (
				en,
				Base,
			);
			mainGroup = 9BFA58D51FC00F91000B2484;
			productRefGroup = 9BFA58DF1FC00F92000B2484 /* Products */;
			projectDirPath = "";
			projectRoot = "";
			targets = (
				9BFA58DD1FC00F92000B2484 /* New Swift Project */,
				9BFA58F41FC00F92000B2484 /* New Swift ProjectTests */,
				9BFA58FF1FC00F93000B2484 /* New Swift ProjectUITests */,
			);
		};
/* End PBXProject section */

/* Begin PBXResourcesBuildPhase section */
		9BFA58DC1FC00F92000B2484 /* Resources */ = {
			isa = PBXResourcesBuildPhase;
			buildActionMask = 2147483647;
			files = (
				9BFA58EF1FC00F92000B2484 /* LaunchScreen.storyboard in Resources */,
				9BFA58EC1FC00F92000B2484 /* Assets.xcassets in Resources */,
				9BFA58E71FC00F92000B2484 /* Main.storyboard in Resources */,
			);
			runOnlyForDeploymentPostprocessing = 0;
		};
		9BFA58F31FC00F92000B2484 /* Resources */ = {
			isa = PBXResourcesBuildPhase;
			buildActionMask = 2147483647;
			files = (
			);
			runOnlyForDeploymentPostprocessing = 0;
		};
		9BFA58FE1FC00F93000B2484 /* Resources */ = {
			isa = PBXResourcesBuildPhase;
			buildActionMask = 2147483647;
			files = (
			);
			runOnlyForDeploymentPostprocessing = 0;
		};
/* End PBXResourcesBuildPhase section */

/* Begin PBXSourcesBuildPhase section */
		9BFA58DA1FC00F92000B2484 /* Sources */ = {
			isa = PBXSourcesBuildPhase;
			buildActionMask = 2147483647;
			files = (
				9BFA58E41FC00F92000B2484 /* ViewController.swift in Sources */,
				9B7FBD571FC30E18005217F1 /* NamesStruct.swift in Sources */,
				9BFA58EA1FC00F92000B2484 /* New_Swift_Project.xcdatamodeld in Sources */,
				9BFA58E21FC00F92000B2484 /* AppDelegate.swift in Sources */,
			);
			runOnlyForDeploymentPostprocessing = 0;
		};
		9BFA58F11FC00F92000B2484 /* Sources */ = {
			isa = PBXSourcesBuildPhase;
			buildActionMask = 2147483647;
			files = (
				9BFA58FA1FC00F92000B2484 /* New_Swift_ProjectTests.swift in Sources */,
			);
			runOnlyForDeploymentPostprocessing = 0;
		};
		9BFA58FC1FC00F93000B2484 /* Sources */ = {
			isa = PBXSourcesBuildPhase;
			buildActionMask = 2147483647;
			files = (
				9BFA59051FC00F93000B2484 /* New_Swift_ProjectUITests.swift in Sources */,
			);
			runOnlyForDeploymentPostprocessing = 0;
		};
/* End PBXSourcesBuildPhase section */

/* Begin PBXTargetDependency section */
		9BFA58F71FC00F92000B2484 /* PBXTargetDependency */ = {
			isa = PBXTargetDependency;
			target = 9BFA58DD1FC00F92000B2484 /* New Swift Project */;
			targetProxy = 9BFA58F61FC00F92000B2484 /* PBXContainerItemProxy */;
		};
		9BFA59021FC00F93000B2484 /* PBXTargetDependency */ = {
			isa = PBXTargetDependency;
			target = 9BFA58DD1FC00F92000B2484 /* New Swift Project */;
			targetProxy = 9BFA59011FC00F93000B2484 /* PBXContainerItemProxy */;
		};
/* End PBXTargetDependency section */

/* Begin PBXVariantGroup section */
		9BFA58E51FC00F92000B2484 /* Main.storyboard */ = {
			isa = PBXVariantGroup;
			children = (
				9BFA58E61FC00F92000B2484 /* Base */,
			);
			name = Main.storyboard;
			sourceTree = "<group>";
		};
		9BFA58ED1FC00F92000B2484 /* LaunchScreen.storyboard */ = {
			isa = PBXVariantGroup;
			children = (
				9BFA58EE1FC00F92000B2484 /* Base */,
			);
			name = LaunchScreen.storyboard;
			sourceTree = "<group>";
		};
/* End PBXVariantGroup section */

/* Begin XCBuildConfiguration section */
		9BFA59071FC00F93000B2484 /* Debug */ = {
			isa = XCBuildConfiguration;
			buildSettings = {
				ALWAYS_SEARCH_USER_PATHS = NO;
				CLANG_ANALYZER_NONNULL = YES;
				CLANG_ANALYZER_NUMBER_OBJECT_CONVERSION = YES_AGGRESSIVE;
				CLANG_CXX_LANGUAGE_STANDARD = "gnu++14";
				CLANG_CXX_LIBRARY = "libc++";
				CLANG_ENABLE_MODULES = YES;
				CLANG_ENABLE_OBJC_ARC = YES;
				CLANG_WARN_BLOCK_CAPTURE_AUTORELEASING = YES;
				CLANG_WARN_BOOL_CONVERSION = YES;
				CLANG_WARN_COMMA = YES;
				CLANG_WARN_CONSTANT_CONVERSION = YES;
				CLANG_WARN_DIRECT_OBJC_ISA_USAGE = YES_ERROR;
				CLANG_WARN_DOCUMENTATION_COMMENTS = YES;
				CLANG_WARN_EMPTY_BODY = YES;
				CLANG_WARN_ENUM_CONVERSION = YES;
				CLANG_WARN_INFINITE_RECURSION = YES;
				CLANG_WARN_INT_CONVERSION = YES;
				CLANG_WARN_NON_LITERAL_NULL_CONVERSION = YES;
				CLANG_WARN_OBJC_LITERAL_CONVERSION = YES;
				CLANG_WARN_OBJC_ROOT_CLASS = YES_ERROR;
				CLANG_WARN_RANGE_LOOP_ANALYSIS = YES;
				CLANG_WARN_STRICT_PROTOTYPES = YES;
				CLANG_WARN_SUSPICIOUS_MOVE = YES;
				CLANG_WARN_UNGUARDED_AVAILABILITY = YES_AGGRESSIVE;
				CLANG_WARN_UNREACHABLE_CODE = YES;
				CLANG_WARN__DUPLICATE_METHOD_MATCH = YES;
				CODE_SIGN_IDENTITY = "iPhone Developer";
				COPY_PHASE_STRIP = NO;
				DEBUG_INFORMATION_FORMAT = dwarf;
				ENABLE_STRICT_OBJC_MSGSEND = YES;
				ENABLE_TESTABILITY = YES;
				GCC_C_LANGUAGE_STANDARD = gnu11;
				GCC_DYNAMIC_NO_PIC = NO;
				GCC_NO_COMMON_BLOCKS = YES;
				GCC_OPTIMIZATION_LEVEL = 0;
				GCC_PREPROCESSOR_DEFINITIONS = (
					"DEBUG=1",
					"$(inherited)",
				);
				GCC_WARN_64_TO_32_BIT_CONVERSION = YES;
				GCC_WARN_ABOUT_RETURN_TYPE = YES_ERROR;
				GCC_WARN_UNDECLARED_SELECTOR = YES;
				GCC_WARN_UNINITIALIZED_AUTOS = YES_AGGRESSIVE;
				GCC_WARN_UNUSED_FUNCTION = YES;
				GCC_WARN_UNUSED_VARIABLE = YES;
				IPHONEOS_DEPLOYMENT_TARGET = 11.1;
				MTL_ENABLE_DEBUG_INFO = YES;
				ONLY_ACTIVE_ARCH = YES;
				SDKROOT = iphoneos;
				SWIFT_ACTIVE_COMPILATION_CONDITIONS = DEBUG;
				SWIFT_OPTIMIZATION_LEVEL = "-Onone";
			};
			name = Debug;
		};
		9BFA59081FC00F93000B2484 /* Release */ = {
			isa = XCBuildConfiguration;
			buildSettings = {
				ALWAYS_SEARCH_USER_PATHS = NO;
				CLANG_ANALYZER_NONNULL = YES;
				CLANG_ANALYZER_NUMBER_OBJECT_CONVERSION = YES_AGGRESSIVE;
				CLANG_CXX_LANGUAGE_STANDARD = "gnu++14";
				CLANG_CXX_LIBRARY = "libc++";
				CLANG_ENABLE_MODULES = YES;
				CLANG_ENABLE_OBJC_ARC = YES;
				CLANG_WARN_BLOCK_CAPTURE_AUTORELEASING = YES;
				CLANG_WARN_BOOL_CONVERSION = YES;
				CLANG_WARN_COMMA = YES;
				CLANG_WARN_CONSTANT_CONVERSION = YES;
				CLANG_WARN_DIRECT_OBJC_ISA_USAGE = YES_ERROR;
				CLANG_WARN_DOCUMENTATION_COMMENTS = YES;
				CLANG_WARN_EMPTY_BODY = YES;
				CLANG_WARN_ENUM_CONVERSION = YES;
				CLANG_WARN_INFINITE_RECURSION = YES;
				CLANG_WARN_INT_CONVERSION = YES;
				CLANG_WARN_NON_LITERAL_NULL_CONVERSION = YES;
				CLANG_WARN_OBJC_LITERAL_CONVERSION = YES;
				CLANG_WARN_OBJC_ROOT_CLASS = YES_ERROR;
				CLANG_WARN_RANGE_LOOP_ANALYSIS = YES;
				CLANG_WARN_STRICT_PROTOTYPES = YES;
				CLANG_WARN_SUSPICIOUS_MOVE = YES;
				CLANG_WARN_UNGUARDED_AVAILABILITY = YES_AGGRESSIVE;
				CLANG_WARN_UNREACHABLE_CODE = YES;
				CLANG_WARN__DUPLICATE_METHOD_MATCH = YES;
				CODE_SIGN_IDENTITY = "iPhone Developer";
				COPY_PHASE_STRIP = NO;
				DEBUG_INFORMATION_FORMAT = "dwarf-with-dsym";
				ENABLE_NS_ASSERTIONS = NO;
				ENABLE_STRICT_OBJC_MSGSEND = YES;
				GCC_C_LANGUAGE_STANDARD = gnu11;
				GCC_NO_COMMON_BLOCKS = YES;
				GCC_WARN_64_TO_32_BIT_CONVERSION = YES;
				GCC_WARN_ABOUT_RETURN_TYPE = YES_ERROR;
				GCC_WARN_UNDECLARED_SELECTOR = YES;
				GCC_WARN_UNINITIALIZED_AUTOS = YES_AGGRESSIVE;
				GCC_WARN_UNUSED_FUNCTION = YES;
				GCC_WARN_UNUSED_VARIABLE = YES;
				IPHONEOS_DEPLOYMENT_TARGET = 11.1;
				MTL_ENABLE_DEBUG_INFO = NO;
				SDKROOT = iphoneos;
				SWIFT_OPTIMIZATION_LEVEL = "-Owholemodule";
				VALIDATE_PRODUCT = YES;
			};
			name = Release;
		};
		9BFA590A1FC00F93000B2484 /* Debug */ = {
			isa = XCBuildConfiguration;
			buildSettings = {
				ASSETCATALOG_COMPILER_APPICON_NAME = AppIcon;
				CODE_SIGN_STYLE = Manual;
				DEVELOPMENT_TEAM = "";
				INFOPLIST_FILE = "New Swift Project/Info.plist";
				LD_RUNPATH_SEARCH_PATHS = "$(inherited) @executable_path/Frameworks";
				PRODUCT_BUNDLE_IDENTIFIER = "com.dhakate.New-Swift-Project";
				PRODUCT_NAME = "$(TARGET_NAME)";
				PROVISIONING_PROFILE_SPECIFIER = "";
				SWIFT_VERSION = 4.0;
				TARGETED_DEVICE_FAMILY = "1,2";
			};
			name = Debug;
		};
		9BFA590B1FC00F93000B2484 /* Release */ = {
			isa = XCBuildConfiguration;
			buildSettings = {
				ASSETCATALOG_COMPILER_APPICON_NAME = AppIcon;
				CODE_SIGN_STYLE = Manual;
				DEVELOPMENT_TEAM = "";
				INFOPLIST_FILE = "New Swift Project/Info.plist";
				LD_RUNPATH_SEARCH_PATHS = "$(inherited) @executable_path/Frameworks";
				PRODUCT_BUNDLE_IDENTIFIER = "com.dhakate.New-Swift-Project";
				PRODUCT_NAME = "$(TARGET_NAME)";
				PROVISIONING_PROFILE_SPECIFIER = "";
				SWIFT_VERSION = 4.0;
				TARGETED_DEVICE_FAMILY = "1,2";
			};
			name = Release;
		};
		9BFA590D1FC00F93000B2484 /* Debug */ = {
			isa = XCBuildConfiguration;
			buildSettings = {
				ALWAYS_EMBED_SWIFT_STANDARD_LIBRARIES = YES;
				BUNDLE_LOADER = "$(TEST_HOST)";
				CODE_SIGN_STYLE = Automatic;
				INFOPLIST_FILE = "New Swift ProjectTests/Info.plist";
				LD_RUNPATH_SEARCH_PATHS = "$(inherited) @executable_path/Frameworks @loader_path/Frameworks";
				PRODUCT_BUNDLE_IDENTIFIER = "com.dhakate.New-Swift-ProjectTests";
				PRODUCT_NAME = "$(TARGET_NAME)";
				SWIFT_VERSION = 4.0;
				TARGETED_DEVICE_FAMILY = "1,2";
				TEST_HOST = "$(BUILT_PRODUCTS_DIR)/New Swift Project.app/New Swift Project";
			};
			name = Debug;
		};
		9BFA590E1FC00F93000B2484 /* Release */ = {
			isa = XCBuildConfiguration;
			buildSettings = {
				ALWAYS_EMBED_SWIFT_STANDARD_LIBRARIES = YES;
				BUNDLE_LOADER = "$(TEST_HOST)";
				CODE_SIGN_STYLE = Automatic;
				INFOPLIST_FILE = "New Swift ProjectTests/Info.plist";
				LD_RUNPATH_SEARCH_PATHS = "$(inherited) @executable_path/Frameworks @loader_path/Frameworks";
				PRODUCT_BUNDLE_IDENTIFIER = "com.dhakate.New-Swift-ProjectTests";
				PRODUCT_NAME = "$(TARGET_NAME)";
				SWIFT_VERSION = 4.0;
				TARGETED_DEVICE_FAMILY = "1,2";
				TEST_HOST = "$(BUILT_PRODUCTS_DIR)/New Swift Project.app/New Swift Project";
			};
			name = Release;
		};
		9BFA59101FC00F93000B2484 /* Debug */ = {
			isa = XCBuildConfiguration;
			buildSettings = {
				ALWAYS_EMBED_SWIFT_STANDARD_LIBRARIES = YES;
				CODE_SIGN_STYLE = Automatic;
				INFOPLIST_FILE = "New Swift ProjectUITests/Info.plist";
				LD_RUNPATH_SEARCH_PATHS = "$(inherited) @executable_path/Frameworks @loader_path/Frameworks";
				PRODUCT_BUNDLE_IDENTIFIER = "com.dhakate.New-Swift-ProjectUITests";
				PRODUCT_NAME = "$(TARGET_NAME)";
				SWIFT_VERSION = 4.0;
				TARGETED_DEVICE_FAMILY = "1,2";
				TEST_TARGET_NAME = "New Swift Project";
			};
			name = Debug;
		};
		9BFA59111FC00F93000B2484 /* Release */ = {
			isa = XCBuildConfiguration;
			buildSettings = {
				ALWAYS_EMBED_SWIFT_STANDARD_LIBRARIES = YES;
				CODE_SIGN_STYLE = Automatic;
				INFOPLIST_FILE = "New Swift ProjectUITests/Info.plist";
				LD_RUNPATH_SEARCH_PATHS = "$(inherited) @executable_path/Frameworks @loader_path/Frameworks";
				PRODUCT_BUNDLE_IDENTIFIER = "com.dhakate.New-Swift-ProjectUITests";
				PRODUCT_NAME = "$(TARGET_NAME)";
				SWIFT_VERSION = 4.0;
				TARGETED_DEVICE_FAMILY = "1,2";
				TEST_TARGET_NAME = "New Swift Project";
			};
			name = Release;
		};
/* End XCBuildConfiguration section */

/* Begin XCConfigurationList section */
		9BFA58D91FC00F91000B2484 /* Build configuration list for PBXProject "New Swift Project" */ = {
			isa = XCConfigurationList;
			buildConfigurations = (
				9BFA59071FC00F93000B2484 /* Debug */,
				9BFA59081FC00F93000B2484 /* Release */,
			);
			defaultConfigurationIsVisible = 0;
			defaultConfigurationName = Release;
		};
		9BFA59091FC00F93000B2484 /* Build configuration list for PBXNativeTarget "New Swift Project" */ = {
			isa = XCConfigurationList;
			buildConfigurations = (
				9BFA590A1FC00F93000B2484 /* Debug */,
				9BFA590B1FC00F93000B2484 /* Release */,
			);
			defaultConfigurationIsVisible = 0;
			defaultConfigurationName = Release;
		};
		9BFA590C1FC00F93000B2484 /* Build configuration list for PBXNativeTarget "New Swift ProjectTests" */ = {
			isa = XCConfigurationList;
			buildConfigurations = (
				9BFA590D1FC00F93000B2484 /* Debug */,
				9BFA590E1FC00F93000B2484 /* Release */,
			);
			defaultConfigurationIsVisible = 0;
			defaultConfigurationName = Release;
		};
		9BFA590F1FC00F93000B2484 /* Build configuration list for PBXNativeTarget "New Swift ProjectUITests" */ = {
			isa = XCConfigurationList;
			buildConfigurations = (
				9BFA59101FC00F93000B2484 /* Debug */,
				9BFA59111FC00F93000B2484 /* Release */,
			);
			defaultConfigurationIsVisible = 0;
			defaultConfigurationName = Release;
		};
/* End XCConfigurationList section */

/* Begin XCVersionGroup section */
		9BFA58E81FC00F92000B2484 /* New_Swift_Project.xcdatamodeld */ = {
			isa = XCVersionGroup;
			children = (
				9BFA58E91FC00F92000B2484 /* New_Swift_Project.xcdatamodel */,
			);
			currentVersion = 9BFA58E91FC00F92000B2484 /* New_Swift_Project.xcdatamodel */;
			path = New_Swift_Project.xcdatamodeld;
			sourceTree = "<group>";
			versionGroupType = wrapper.xcdatamodel;
		};
/* End XCVersionGroup section */
	};
	rootObject = 9BFA58D61FC00F91000B2484 /* Project object */;
}
